// !$*UTF8*$!
{
	archiveVersion = 1;
	classes = {
	};
	objectVersion = 50;
	objects = {

/* Begin PBXBuildFile section */
		2B7F009621022AA900FFE0E1 /* CBSearchTableViewCell.swift in Sources */ = {isa = PBXBuildFile; fileRef = 2B7F009521022AA900FFE0E1 /* CBSearchTableViewCell.swift */; };
		2B7F009821022DDA00FFE0E1 /* CBSearchCellUI.swift in Sources */ = {isa = PBXBuildFile; fileRef = 2B7F009721022DDA00FFE0E1 /* CBSearchCellUI.swift */; };
		2BA21AD1210240EB00686371 /* DetailsNode.swift in Sources */ = {isa = PBXBuildFile; fileRef = 2BA21AD0210240EB00686371 /* DetailsNode.swift */; };
		2BA21AD3210240FC00686371 /* SearchNode.swift in Sources */ = {isa = PBXBuildFile; fileRef = 2BA21AD2210240FC00686371 /* SearchNode.swift */; };
		2BA21AD52104B07300686371 /* VCBProductAccessoriesCell.swift in Sources */ = {isa = PBXBuildFile; fileRef = 2BA21AD42104B07300686371 /* VCBProductAccessoriesCell.swift */; };
		2BA21AD82104B1AE00686371 /* VCBAvailableAccessoriesCell.swift in Sources */ = {isa = PBXBuildFile; fileRef = 2BA21AD72104B1AE00686371 /* VCBAvailableAccessoriesCell.swift */; };
		2BB4B26221028C3700147B53 /* CBSearchFieldUI.swift in Sources */ = {isa = PBXBuildFile; fileRef = 2BB4B26121028C3700147B53 /* CBSearchFieldUI.swift */; };
		2BB4B2652103466000147B53 /* VCBProductImagesCell.swift in Sources */ = {isa = PBXBuildFile; fileRef = 2BB4B2642103466000147B53 /* VCBProductImagesCell.swift */; };
		2BB4B26A21044ADB00147B53 /* VCBProductDetailsSpecsCell.swift in Sources */ = {isa = PBXBuildFile; fileRef = 2BB4B26921044ADB00147B53 /* VCBProductDetailsSpecsCell.swift */; };
		2BB4B26C21044C4600147B53 /* SpecificationsUI.swift in Sources */ = {isa = PBXBuildFile; fileRef = 2BB4B26B21044C4600147B53 /* SpecificationsUI.swift */; };
		2BB4B26E2104541000147B53 /* VCBImagesCell.swift in Sources */ = {isa = PBXBuildFile; fileRef = 2BB4B26D2104541000147B53 /* VCBImagesCell.swift */; };
		2BD508E320FA3317004804B5 /* AppDelegate.swift in Sources */ = {isa = PBXBuildFile; fileRef = 2BD508E220FA3317004804B5 /* AppDelegate.swift */; };
		2BD508EA20FA3318004804B5 /* Assets.xcassets in Resources */ = {isa = PBXBuildFile; fileRef = 2BD508E920FA3318004804B5 /* Assets.xcassets */; };
		2BD508ED20FA3318004804B5 /* LaunchScreen.storyboard in Resources */ = {isa = PBXBuildFile; fileRef = 2BD508EB20FA3318004804B5 /* LaunchScreen.storyboard */; };
		2BD508F820FA3318004804B5 /* CoolBlueTests.swift in Sources */ = {isa = PBXBuildFile; fileRef = 2BD508F720FA3318004804B5 /* CoolBlueTests.swift */; };
		2BD5090320FA3318004804B5 /* CoolBlueUITests.swift in Sources */ = {isa = PBXBuildFile; fileRef = 2BD5090220FA3318004804B5 /* CoolBlueUITests.swift */; };
		2BD5091A20FA3653004804B5 /* VCBSearch.swift in Sources */ = {isa = PBXBuildFile; fileRef = 2BD5091320FA3653004804B5 /* VCBSearch.swift */; };
		2BD5091B20FA3653004804B5 /* CCBSearch.swift in Sources */ = {isa = PBXBuildFile; fileRef = 2BD5091420FA3653004804B5 /* CCBSearch.swift */; };
		2BD5091C20FA3653004804B5 /* VCBSearchUI.swift in Sources */ = {isa = PBXBuildFile; fileRef = 2BD5091520FA3653004804B5 /* VCBSearchUI.swift */; };
		2BD5091D20FA3653004804B5 /* RCBSearch.swift in Sources */ = {isa = PBXBuildFile; fileRef = 2BD5091620FA3653004804B5 /* RCBSearch.swift */; };
		2BD5091E20FA3653004804B5 /* ECBSearch.swift in Sources */ = {isa = PBXBuildFile; fileRef = 2BD5091720FA3653004804B5 /* ECBSearch.swift */; };
		2BD5091F20FA3653004804B5 /* PCBSearch.swift in Sources */ = {isa = PBXBuildFile; fileRef = 2BD5091820FA3653004804B5 /* PCBSearch.swift */; };
		2BD5092020FA3653004804B5 /* ICBSearch.swift in Sources */ = {isa = PBXBuildFile; fileRef = 2BD5091920FA3653004804B5 /* ICBSearch.swift */; };
		2BD5092820FA36FF004804B5 /* VCBProductDetails.swift in Sources */ = {isa = PBXBuildFile; fileRef = 2BD5092120FA36FF004804B5 /* VCBProductDetails.swift */; };
		2BD5092920FA36FF004804B5 /* CCBProductDetails.swift in Sources */ = {isa = PBXBuildFile; fileRef = 2BD5092220FA36FF004804B5 /* CCBProductDetails.swift */; };
		2BD5092A20FA36FF004804B5 /* VCBProductDetailsUI.swift in Sources */ = {isa = PBXBuildFile; fileRef = 2BD5092320FA36FF004804B5 /* VCBProductDetailsUI.swift */; };
		2BD5092B20FA36FF004804B5 /* RCBProductDetails.swift in Sources */ = {isa = PBXBuildFile; fileRef = 2BD5092420FA36FF004804B5 /* RCBProductDetails.swift */; };
		2BD5092C20FA36FF004804B5 /* ECBProductDetails.swift in Sources */ = {isa = PBXBuildFile; fileRef = 2BD5092520FA36FF004804B5 /* ECBProductDetails.swift */; };
		2BD5092D20FA36FF004804B5 /* PCBProductDetails.swift in Sources */ = {isa = PBXBuildFile; fileRef = 2BD5092620FA36FF004804B5 /* PCBProductDetails.swift */; };
		2BD5092E20FA36FF004804B5 /* ICBProductDetails.swift in Sources */ = {isa = PBXBuildFile; fileRef = 2BD5092720FA36FF004804B5 /* ICBProductDetails.swift */; };
		2BD5093420FA37E4004804B5 /* PrimaryTheme.swift in Sources */ = {isa = PBXBuildFile; fileRef = 2BD5093320FA37E4004804B5 /* PrimaryTheme.swift */; };
		2BD5093620FA3925004804B5 /* Product.swift in Sources */ = {isa = PBXBuildFile; fileRef = 2BD5093520FA3925004804B5 /* Product.swift */; };
		2BD5093820FA3D9D004804B5 /* Specification.swift in Sources */ = {isa = PBXBuildFile; fileRef = 2BD5093720FA3D9D004804B5 /* Specification.swift */; };
		2BD5093A20FA3DAA004804B5 /* ReviewSummary.swift in Sources */ = {isa = PBXBuildFile; fileRef = 2BD5093920FA3DAA004804B5 /* ReviewSummary.swift */; };
		2BD5093C20FA3DB6004804B5 /* Review.swift in Sources */ = {isa = PBXBuildFile; fileRef = 2BD5093B20FA3DB6004804B5 /* Review.swift */; };
		2BD5093E20FA3DC1004804B5 /* ReviewInformation.swift in Sources */ = {isa = PBXBuildFile; fileRef = 2BD5093D20FA3DC1004804B5 /* ReviewInformation.swift */; };
		2BD5094020FA3DCE004804B5 /* Availability.swift in Sources */ = {isa = PBXBuildFile; fileRef = 2BD5093F20FA3DCE004804B5 /* Availability.swift */; };
		2BD5094820FA3F90004804B5 /* CBEndpoint.swift in Sources */ = {isa = PBXBuildFile; fileRef = 2BD5094420FA3F8F004804B5 /* CBEndpoint.swift */; };
		2BD5094920FA3F90004804B5 /* CoolBlueAPI.swift in Sources */ = {isa = PBXBuildFile; fileRef = 2BD5094520FA3F8F004804B5 /* CoolBlueAPI.swift */; };
		2BD5094A20FA3F90004804B5 /* HTTPMethod.swift in Sources */ = {isa = PBXBuildFile; fileRef = 2BD5094620FA3F8F004804B5 /* HTTPMethod.swift */; };
		2BD5094C20FA40A5004804B5 /* CBError.swift in Sources */ = {isa = PBXBuildFile; fileRef = 2BD5094B20FA40A5004804B5 /* CBError.swift */; };
		2BD5094E20FA42A2004804B5 /* CBRouter.swift in Sources */ = {isa = PBXBuildFile; fileRef = 2BD5094D20FA42A2004804B5 /* CBRouter.swift */; };
		2BD5095220FA4D7D004804B5 /* PromoIcon.swift in Sources */ = {isa = PBXBuildFile; fileRef = 2BD5095120FA4D7D004804B5 /* PromoIcon.swift */; };
		2BD5095520FA5A6D004804B5 /* BaseViewProtocol.swift in Sources */ = {isa = PBXBuildFile; fileRef = 2BD5095420FA5A6D004804B5 /* BaseViewProtocol.swift */; };
		2BE87BC921052EF700C75542 /* Extensions.swift in Sources */ = {isa = PBXBuildFile; fileRef = 2BE87BC821052EF700C75542 /* Extensions.swift */; };
		AB684C46F95198541A34CB90 /* Pods_CoolBlue.framework in Frameworks */ = {isa = PBXBuildFile; fileRef = 6AAF65231328B108A51C98EB /* Pods_CoolBlue.framework */; };
		CDBCE86E8282FBC2DBD8ED68 /* Pods_CoolBlueTests.framework in Frameworks */ = {isa = PBXBuildFile; fileRef = C0C2583F93B7A9A4A9D33E63 /* Pods_CoolBlueTests.framework */; };
		EE49EE1E66148312FE49DA17 /* Pods_CoolBlueUITests.framework in Frameworks */ = {isa = PBXBuildFile; fileRef = 2FF45C63FBF215C5D279C306 /* Pods_CoolBlueUITests.framework */; };
/* End PBXBuildFile section */

/* Begin PBXContainerItemProxy section */
		2BD508F420FA3318004804B5 /* PBXContainerItemProxy */ = {
			isa = PBXContainerItemProxy;
			containerPortal = 2BD508D720FA3317004804B5 /* Project object */;
			proxyType = 1;
			remoteGlobalIDString = 2BD508DE20FA3317004804B5;
			remoteInfo = CoolBlue;
		};
		2BD508FF20FA3318004804B5 /* PBXContainerItemProxy */ = {
			isa = PBXContainerItemProxy;
			containerPortal = 2BD508D720FA3317004804B5 /* Project object */;
			proxyType = 1;
			remoteGlobalIDString = 2BD508DE20FA3317004804B5;
			remoteInfo = CoolBlue;
		};
/* End PBXContainerItemProxy section */

/* Begin PBXFileReference section */
		2B7F009521022AA900FFE0E1 /* CBSearchTableViewCell.swift */ = {isa = PBXFileReference; lastKnownFileType = sourcecode.swift; path = CBSearchTableViewCell.swift; sourceTree = "<group>"; };
		2B7F009721022DDA00FFE0E1 /* CBSearchCellUI.swift */ = {isa = PBXFileReference; lastKnownFileType = sourcecode.swift; path = CBSearchCellUI.swift; sourceTree = "<group>"; };
		2BA21AD0210240EB00686371 /* DetailsNode.swift */ = {isa = PBXFileReference; lastKnownFileType = sourcecode.swift; path = DetailsNode.swift; sourceTree = "<group>"; };
		2BA21AD2210240FC00686371 /* SearchNode.swift */ = {isa = PBXFileReference; lastKnownFileType = sourcecode.swift; path = SearchNode.swift; sourceTree = "<group>"; };
		2BA21AD42104B07300686371 /* VCBProductAccessoriesCell.swift */ = {isa = PBXFileReference; lastKnownFileType = sourcecode.swift; path = VCBProductAccessoriesCell.swift; sourceTree = "<group>"; };
		2BA21AD72104B1AE00686371 /* VCBAvailableAccessoriesCell.swift */ = {isa = PBXFileReference; lastKnownFileType = sourcecode.swift; path = VCBAvailableAccessoriesCell.swift; sourceTree = "<group>"; };
		2BB4B26121028C3700147B53 /* CBSearchFieldUI.swift */ = {isa = PBXFileReference; lastKnownFileType = sourcecode.swift; path = CBSearchFieldUI.swift; sourceTree = "<group>"; };
		2BB4B2642103466000147B53 /* VCBProductImagesCell.swift */ = {isa = PBXFileReference; lastKnownFileType = sourcecode.swift; path = VCBProductImagesCell.swift; sourceTree = "<group>"; };
		2BB4B26921044ADB00147B53 /* VCBProductDetailsSpecsCell.swift */ = {isa = PBXFileReference; lastKnownFileType = sourcecode.swift; path = VCBProductDetailsSpecsCell.swift; sourceTree = "<group>"; };
		2BB4B26B21044C4600147B53 /* SpecificationsUI.swift */ = {isa = PBXFileReference; lastKnownFileType = sourcecode.swift; path = SpecificationsUI.swift; sourceTree = "<group>"; };
		2BB4B26D2104541000147B53 /* VCBImagesCell.swift */ = {isa = PBXFileReference; lastKnownFileType = sourcecode.swift; path = VCBImagesCell.swift; sourceTree = "<group>"; };
		2BD508DF20FA3317004804B5 /* CoolBlue.app */ = {isa = PBXFileReference; explicitFileType = wrapper.application; includeInIndex = 0; path = CoolBlue.app; sourceTree = BUILT_PRODUCTS_DIR; };
		2BD508E220FA3317004804B5 /* AppDelegate.swift */ = {isa = PBXFileReference; lastKnownFileType = sourcecode.swift; path = AppDelegate.swift; sourceTree = "<group>"; };
		2BD508E920FA3318004804B5 /* Assets.xcassets */ = {isa = PBXFileReference; lastKnownFileType = folder.assetcatalog; path = Assets.xcassets; sourceTree = "<group>"; };
		2BD508EC20FA3318004804B5 /* Base */ = {isa = PBXFileReference; lastKnownFileType = file.storyboard; name = Base; path = Base.lproj/LaunchScreen.storyboard; sourceTree = "<group>"; };
		2BD508EE20FA3318004804B5 /* Info.plist */ = {isa = PBXFileReference; lastKnownFileType = text.plist.xml; path = Info.plist; sourceTree = "<group>"; };
		2BD508F320FA3318004804B5 /* CoolBlueTests.xctest */ = {isa = PBXFileReference; explicitFileType = wrapper.cfbundle; includeInIndex = 0; path = CoolBlueTests.xctest; sourceTree = BUILT_PRODUCTS_DIR; };
		2BD508F720FA3318004804B5 /* CoolBlueTests.swift */ = {isa = PBXFileReference; lastKnownFileType = sourcecode.swift; path = CoolBlueTests.swift; sourceTree = "<group>"; };
		2BD508F920FA3318004804B5 /* Info.plist */ = {isa = PBXFileReference; lastKnownFileType = text.plist.xml; path = Info.plist; sourceTree = "<group>"; };
		2BD508FE20FA3318004804B5 /* CoolBlueUITests.xctest */ = {isa = PBXFileReference; explicitFileType = wrapper.cfbundle; includeInIndex = 0; path = CoolBlueUITests.xctest; sourceTree = BUILT_PRODUCTS_DIR; };
		2BD5090220FA3318004804B5 /* CoolBlueUITests.swift */ = {isa = PBXFileReference; lastKnownFileType = sourcecode.swift; path = CoolBlueUITests.swift; sourceTree = "<group>"; };
		2BD5090420FA3318004804B5 /* Info.plist */ = {isa = PBXFileReference; lastKnownFileType = text.plist.xml; path = Info.plist; sourceTree = "<group>"; };
		2BD5091320FA3653004804B5 /* VCBSearch.swift */ = {isa = PBXFileReference; lastKnownFileType = sourcecode.swift; path = VCBSearch.swift; sourceTree = "<group>"; };
		2BD5091420FA3653004804B5 /* CCBSearch.swift */ = {isa = PBXFileReference; lastKnownFileType = sourcecode.swift; path = CCBSearch.swift; sourceTree = "<group>"; };
		2BD5091520FA3653004804B5 /* VCBSearchUI.swift */ = {isa = PBXFileReference; lastKnownFileType = sourcecode.swift; path = VCBSearchUI.swift; sourceTree = "<group>"; };
		2BD5091620FA3653004804B5 /* RCBSearch.swift */ = {isa = PBXFileReference; lastKnownFileType = sourcecode.swift; path = RCBSearch.swift; sourceTree = "<group>"; };
		2BD5091720FA3653004804B5 /* ECBSearch.swift */ = {isa = PBXFileReference; lastKnownFileType = sourcecode.swift; path = ECBSearch.swift; sourceTree = "<group>"; };
		2BD5091820FA3653004804B5 /* PCBSearch.swift */ = {isa = PBXFileReference; lastKnownFileType = sourcecode.swift; path = PCBSearch.swift; sourceTree = "<group>"; };
		2BD5091920FA3653004804B5 /* ICBSearch.swift */ = {isa = PBXFileReference; lastKnownFileType = sourcecode.swift; path = ICBSearch.swift; sourceTree = "<group>"; };
		2BD5092120FA36FF004804B5 /* VCBProductDetails.swift */ = {isa = PBXFileReference; lastKnownFileType = sourcecode.swift; path = VCBProductDetails.swift; sourceTree = "<group>"; };
		2BD5092220FA36FF004804B5 /* CCBProductDetails.swift */ = {isa = PBXFileReference; lastKnownFileType = sourcecode.swift; path = CCBProductDetails.swift; sourceTree = "<group>"; };
		2BD5092320FA36FF004804B5 /* VCBProductDetailsUI.swift */ = {isa = PBXFileReference; lastKnownFileType = sourcecode.swift; path = VCBProductDetailsUI.swift; sourceTree = "<group>"; };
		2BD5092420FA36FF004804B5 /* RCBProductDetails.swift */ = {isa = PBXFileReference; lastKnownFileType = sourcecode.swift; path = RCBProductDetails.swift; sourceTree = "<group>"; };
		2BD5092520FA36FF004804B5 /* ECBProductDetails.swift */ = {isa = PBXFileReference; lastKnownFileType = sourcecode.swift; path = ECBProductDetails.swift; sourceTree = "<group>"; };
		2BD5092620FA36FF004804B5 /* PCBProductDetails.swift */ = {isa = PBXFileReference; lastKnownFileType = sourcecode.swift; path = PCBProductDetails.swift; sourceTree = "<group>"; };
		2BD5092720FA36FF004804B5 /* ICBProductDetails.swift */ = {isa = PBXFileReference; lastKnownFileType = sourcecode.swift; path = ICBProductDetails.swift; sourceTree = "<group>"; };
		2BD5093320FA37E4004804B5 /* PrimaryTheme.swift */ = {isa = PBXFileReference; lastKnownFileType = sourcecode.swift; path = PrimaryTheme.swift; sourceTree = "<group>"; };
		2BD5093520FA3925004804B5 /* Product.swift */ = {isa = PBXFileReference; lastKnownFileType = sourcecode.swift; path = Product.swift; sourceTree = "<group>"; };
		2BD5093720FA3D9D004804B5 /* Specification.swift */ = {isa = PBXFileReference; lastKnownFileType = sourcecode.swift; path = Specification.swift; sourceTree = "<group>"; };
		2BD5093920FA3DAA004804B5 /* ReviewSummary.swift */ = {isa = PBXFileReference; lastKnownFileType = sourcecode.swift; path = ReviewSummary.swift; sourceTree = "<group>"; };
		2BD5093B20FA3DB6004804B5 /* Review.swift */ = {isa = PBXFileReference; lastKnownFileType = sourcecode.swift; path = Review.swift; sourceTree = "<group>"; };
		2BD5093D20FA3DC1004804B5 /* ReviewInformation.swift */ = {isa = PBXFileReference; lastKnownFileType = sourcecode.swift; path = ReviewInformation.swift; sourceTree = "<group>"; };
		2BD5093F20FA3DCE004804B5 /* Availability.swift */ = {isa = PBXFileReference; lastKnownFileType = sourcecode.swift; path = Availability.swift; sourceTree = "<group>"; };
		2BD5094420FA3F8F004804B5 /* CBEndpoint.swift */ = {isa = PBXFileReference; fileEncoding = 4; lastKnownFileType = sourcecode.swift; path = CBEndpoint.swift; sourceTree = "<group>"; };
		2BD5094520FA3F8F004804B5 /* CoolBlueAPI.swift */ = {isa = PBXFileReference; fileEncoding = 4; lastKnownFileType = sourcecode.swift; path = CoolBlueAPI.swift; sourceTree = "<group>"; };
		2BD5094620FA3F8F004804B5 /* HTTPMethod.swift */ = {isa = PBXFileReference; fileEncoding = 4; lastKnownFileType = sourcecode.swift; path = HTTPMethod.swift; sourceTree = "<group>"; };
		2BD5094B20FA40A5004804B5 /* CBError.swift */ = {isa = PBXFileReference; lastKnownFileType = sourcecode.swift; path = CBError.swift; sourceTree = "<group>"; };
		2BD5094D20FA42A2004804B5 /* CBRouter.swift */ = {isa = PBXFileReference; lastKnownFileType = sourcecode.swift; path = CBRouter.swift; sourceTree = "<group>"; };
		2BD5095120FA4D7D004804B5 /* PromoIcon.swift */ = {isa = PBXFileReference; lastKnownFileType = sourcecode.swift; path = PromoIcon.swift; sourceTree = "<group>"; };
		2BD5095420FA5A6D004804B5 /* BaseViewProtocol.swift */ = {isa = PBXFileReference; lastKnownFileType = sourcecode.swift; path = BaseViewProtocol.swift; sourceTree = "<group>"; };
		2BE87BC821052EF700C75542 /* Extensions.swift */ = {isa = PBXFileReference; lastKnownFileType = sourcecode.swift; path = Extensions.swift; sourceTree = "<group>"; };
		2FF45C63FBF215C5D279C306 /* Pods_CoolBlueUITests.framework */ = {isa = PBXFileReference; explicitFileType = wrapper.framework; includeInIndex = 0; path = Pods_CoolBlueUITests.framework; sourceTree = BUILT_PRODUCTS_DIR; };
		6075538A91D07992D0DE9BE6 /* Pods-CoolBlueUITests.release.xcconfig */ = {isa = PBXFileReference; includeInIndex = 1; lastKnownFileType = text.xcconfig; name = "Pods-CoolBlueUITests.release.xcconfig"; path = "Pods/Target Support Files/Pods-CoolBlueUITests/Pods-CoolBlueUITests.release.xcconfig"; sourceTree = "<group>"; };
		6AAF65231328B108A51C98EB /* Pods_CoolBlue.framework */ = {isa = PBXFileReference; explicitFileType = wrapper.framework; includeInIndex = 0; path = Pods_CoolBlue.framework; sourceTree = BUILT_PRODUCTS_DIR; };
		7006625A6ED327F5B9EE3EDF /* Pods-CoolBlueUITests.debug.xcconfig */ = {isa = PBXFileReference; includeInIndex = 1; lastKnownFileType = text.xcconfig; name = "Pods-CoolBlueUITests.debug.xcconfig"; path = "Pods/Target Support Files/Pods-CoolBlueUITests/Pods-CoolBlueUITests.debug.xcconfig"; sourceTree = "<group>"; };
		996132BF399DC91EDF865615 /* Pods-CoolBlueTests.release.xcconfig */ = {isa = PBXFileReference; includeInIndex = 1; lastKnownFileType = text.xcconfig; name = "Pods-CoolBlueTests.release.xcconfig"; path = "Pods/Target Support Files/Pods-CoolBlueTests/Pods-CoolBlueTests.release.xcconfig"; sourceTree = "<group>"; };
		BCD105A48980D99F3D990560 /* Pods-CoolBlue.debug.xcconfig */ = {isa = PBXFileReference; includeInIndex = 1; lastKnownFileType = text.xcconfig; name = "Pods-CoolBlue.debug.xcconfig"; path = "Pods/Target Support Files/Pods-CoolBlue/Pods-CoolBlue.debug.xcconfig"; sourceTree = "<group>"; };
		C0C2583F93B7A9A4A9D33E63 /* Pods_CoolBlueTests.framework */ = {isa = PBXFileReference; explicitFileType = wrapper.framework; includeInIndex = 0; path = Pods_CoolBlueTests.framework; sourceTree = BUILT_PRODUCTS_DIR; };
		CFECE30F863070901702E0E2 /* Pods-CoolBlueTests.debug.xcconfig */ = {isa = PBXFileReference; includeInIndex = 1; lastKnownFileType = text.xcconfig; name = "Pods-CoolBlueTests.debug.xcconfig"; path = "Pods/Target Support Files/Pods-CoolBlueTests/Pods-CoolBlueTests.debug.xcconfig"; sourceTree = "<group>"; };
		E2A3010A37425E1FF9012B18 /* Pods-CoolBlue.release.xcconfig */ = {isa = PBXFileReference; includeInIndex = 1; lastKnownFileType = text.xcconfig; name = "Pods-CoolBlue.release.xcconfig"; path = "Pods/Target Support Files/Pods-CoolBlue/Pods-CoolBlue.release.xcconfig"; sourceTree = "<group>"; };
/* End PBXFileReference section */

/* Begin PBXFrameworksBuildPhase section */
		2BD508DC20FA3317004804B5 /* Frameworks */ = {
			isa = PBXFrameworksBuildPhase;
			buildActionMask = 2147483647;
			files = (
				AB684C46F95198541A34CB90 /* Pods_CoolBlue.framework in Frameworks */,
			);
			runOnlyForDeploymentPostprocessing = 0;
		};
		2BD508F020FA3318004804B5 /* Frameworks */ = {
			isa = PBXFrameworksBuildPhase;
			buildActionMask = 2147483647;
			files = (
				CDBCE86E8282FBC2DBD8ED68 /* Pods_CoolBlueTests.framework in Frameworks */,
			);
			runOnlyForDeploymentPostprocessing = 0;
		};
		2BD508FB20FA3318004804B5 /* Frameworks */ = {
			isa = PBXFrameworksBuildPhase;
			buildActionMask = 2147483647;
			files = (
				EE49EE1E66148312FE49DA17 /* Pods_CoolBlueUITests.framework in Frameworks */,
			);
			runOnlyForDeploymentPostprocessing = 0;
		};
/* End PBXFrameworksBuildPhase section */

/* Begin PBXGroup section */
		2BA21ACF21023E4900686371 /* UI Components */ = {
			isa = PBXGroup;
			children = (
				2B7F009721022DDA00FFE0E1 /* CBSearchCellUI.swift */,
				2B7F009521022AA900FFE0E1 /* CBSearchTableViewCell.swift */,
				2BB4B26121028C3700147B53 /* CBSearchFieldUI.swift */,
			);
			name = "UI Components";
			sourceTree = "<group>";
		};
		2BA21AD62104B16500686371 /* CollectionView Cells */ = {
			isa = PBXGroup;
			children = (
				2BA21AD42104B07300686371 /* VCBProductAccessoriesCell.swift */,
				2BB4B26D2104541000147B53 /* VCBImagesCell.swift */,
			);
			path = "CollectionView Cells";
			sourceTree = "<group>";
		};
		2BB4B2632103462D00147B53 /* UI Components */ = {
			isa = PBXGroup;
			children = (
				2BB4B26B21044C4600147B53 /* SpecificationsUI.swift */,
			);
			path = "UI Components";
			sourceTree = "<group>";
		};
		2BB4B26621044A5A00147B53 /* TableView Cells */ = {
			isa = PBXGroup;
			children = (
				2BB4B2642103466000147B53 /* VCBProductImagesCell.swift */,
				2BB4B26921044ADB00147B53 /* VCBProductDetailsSpecsCell.swift */,
				2BA21AD72104B1AE00686371 /* VCBAvailableAccessoriesCell.swift */,
			);
			path = "TableView Cells";
			sourceTree = "<group>";
		};
		2BD508D620FA3317004804B5 = {
			isa = PBXGroup;
			children = (
				2BD508E120FA3317004804B5 /* CoolBlue */,
				2BD508F620FA3318004804B5 /* CoolBlueTests */,
				2BD5090120FA3318004804B5 /* CoolBlueUITests */,
				2BD508E020FA3317004804B5 /* Products */,
				8EB3DDAB458C21EE74EAC1D1 /* Pods */,
				548D2B3DAC3DCA1219EEF331 /* Frameworks */,
			);
			sourceTree = "<group>";
		};
		2BD508E020FA3317004804B5 /* Products */ = {
			isa = PBXGroup;
			children = (
				2BD508DF20FA3317004804B5 /* CoolBlue.app */,
				2BD508F320FA3318004804B5 /* CoolBlueTests.xctest */,
				2BD508FE20FA3318004804B5 /* CoolBlueUITests.xctest */,
			);
			name = Products;
			sourceTree = "<group>";
		};
		2BD508E120FA3317004804B5 /* CoolBlue */ = {
			isa = PBXGroup;
			children = (
				2BD5093120FA3739004804B5 /* Resources */,
				2BD5093020FA3728004804B5 /* Models */,
				2BD5092F20FA371A004804B5 /* Data Layer */,
				2BD5091020FA33DF004804B5 /* Modules */,
				2BD508E220FA3317004804B5 /* AppDelegate.swift */,
				2BD508EE20FA3318004804B5 /* Info.plist */,
			);
			path = CoolBlue;
			sourceTree = "<group>";
		};
		2BD508F620FA3318004804B5 /* CoolBlueTests */ = {
			isa = PBXGroup;
			children = (
				2BD508F720FA3318004804B5 /* CoolBlueTests.swift */,
				2BD508F920FA3318004804B5 /* Info.plist */,
			);
			path = CoolBlueTests;
			sourceTree = "<group>";
		};
		2BD5090120FA3318004804B5 /* CoolBlueUITests */ = {
			isa = PBXGroup;
			children = (
				2BD5090220FA3318004804B5 /* CoolBlueUITests.swift */,
				2BD5090420FA3318004804B5 /* Info.plist */,
			);
			path = CoolBlueUITests;
			sourceTree = "<group>";
		};
		2BD5091020FA33DF004804B5 /* Modules */ = {
			isa = PBXGroup;
			children = (
				2BD5095320FA5A3D004804B5 /* Base */,
				2BD5091120FA3595004804B5 /* Product Search */,
				2BD5091220FA35A8004804B5 /* Product Details */,
			);
			path = Modules;
			sourceTree = "<group>";
		};
		2BD5091120FA3595004804B5 /* Product Search */ = {
			isa = PBXGroup;
			children = (
				2BD5094F20FA4744004804B5 /* View Components */,
				2BD5091320FA3653004804B5 /* VCBSearch.swift */,
				2BD5091420FA3653004804B5 /* CCBSearch.swift */,
				2BD5091620FA3653004804B5 /* RCBSearch.swift */,
				2BD5091720FA3653004804B5 /* ECBSearch.swift */,
				2BD5091820FA3653004804B5 /* PCBSearch.swift */,
				2BD5091920FA3653004804B5 /* ICBSearch.swift */,
			);
			path = "Product Search";
			sourceTree = "<group>";
		};
		2BD5091220FA35A8004804B5 /* Product Details */ = {
			isa = PBXGroup;
			children = (
				2BD5095020FA4755004804B5 /* View Components */,
				2BD5092120FA36FF004804B5 /* VCBProductDetails.swift */,
				2BD5092220FA36FF004804B5 /* CCBProductDetails.swift */,
				2BD5092420FA36FF004804B5 /* RCBProductDetails.swift */,
				2BD5092520FA36FF004804B5 /* ECBProductDetails.swift */,
				2BD5092620FA36FF004804B5 /* PCBProductDetails.swift */,
				2BD5092720FA36FF004804B5 /* ICBProductDetails.swift */,
			);
			path = "Product Details";
			sourceTree = "<group>";
		};
		2BD5092F20FA371A004804B5 /* Data Layer */ = {
			isa = PBXGroup;
			children = (
				2BD5094B20FA40A5004804B5 /* CBError.swift */,
				2BD5094420FA3F8F004804B5 /* CBEndpoint.swift */,
				2BD5094620FA3F8F004804B5 /* HTTPMethod.swift */,
				2BD5094520FA3F8F004804B5 /* CoolBlueAPI.swift */,
				2BD5094D20FA42A2004804B5 /* CBRouter.swift */,
			);
			path = "Data Layer";
			sourceTree = "<group>";
		};
		2BD5093020FA3728004804B5 /* Models */ = {
			isa = PBXGroup;
			children = (
				2BA21AD0210240EB00686371 /* DetailsNode.swift */,
				2BA21AD2210240FC00686371 /* SearchNode.swift */,
				2BD5093520FA3925004804B5 /* Product.swift */,
				2BD5093D20FA3DC1004804B5 /* ReviewInformation.swift */,
				2BD5093B20FA3DB6004804B5 /* Review.swift */,
				2BD5093920FA3DAA004804B5 /* ReviewSummary.swift */,
				2BD5093720FA3D9D004804B5 /* Specification.swift */,
				2BD5093F20FA3DCE004804B5 /* Availability.swift */,
				2BD5095120FA4D7D004804B5 /* PromoIcon.swift */,
			);
			path = Models;
			sourceTree = "<group>";
		};
		2BD5093120FA3739004804B5 /* Resources */ = {
			isa = PBXGroup;
			children = (
				2BD5093220FA37C3004804B5 /* Themes */,
				2BD508E920FA3318004804B5 /* Assets.xcassets */,
				2BD508EB20FA3318004804B5 /* LaunchScreen.storyboard */,
				2BE87BC821052EF700C75542 /* Extensions.swift */,
			);
			path = Resources;
			sourceTree = "<group>";
		};
		2BD5093220FA37C3004804B5 /* Themes */ = {
			isa = PBXGroup;
			children = (
				2BD5093320FA37E4004804B5 /* PrimaryTheme.swift */,
			);
			path = Themes;
			sourceTree = "<group>";
		};
		2BD5094F20FA4744004804B5 /* View Components */ = {
			isa = PBXGroup;
			children = (
				2BA21ACF21023E4900686371 /* UI Components */,
				2BD5091520FA3653004804B5 /* VCBSearchUI.swift */,
			);
			path = "View Components";
			sourceTree = "<group>";
		};
		2BD5095020FA4755004804B5 /* View Components */ = {
			isa = PBXGroup;
			children = (
				2BB4B2632103462D00147B53 /* UI Components */,
				2BA21AD62104B16500686371 /* CollectionView Cells */,
				2BB4B26621044A5A00147B53 /* TableView Cells */,
				2BD5092320FA36FF004804B5 /* VCBProductDetailsUI.swift */,
			);
			path = "View Components";
			sourceTree = "<group>";
		};
		2BD5095320FA5A3D004804B5 /* Base */ = {
			isa = PBXGroup;
			children = (
				2BD5095420FA5A6D004804B5 /* BaseViewProtocol.swift */,
			);
			path = Base;
			sourceTree = "<group>";
		};
		548D2B3DAC3DCA1219EEF331 /* Frameworks */ = {
			isa = PBXGroup;
			children = (
				6AAF65231328B108A51C98EB /* Pods_CoolBlue.framework */,
				C0C2583F93B7A9A4A9D33E63 /* Pods_CoolBlueTests.framework */,
				2FF45C63FBF215C5D279C306 /* Pods_CoolBlueUITests.framework */,
			);
			name = Frameworks;
			sourceTree = "<group>";
		};
		8EB3DDAB458C21EE74EAC1D1 /* Pods */ = {
			isa = PBXGroup;
			children = (
				BCD105A48980D99F3D990560 /* Pods-CoolBlue.debug.xcconfig */,
				E2A3010A37425E1FF9012B18 /* Pods-CoolBlue.release.xcconfig */,
				CFECE30F863070901702E0E2 /* Pods-CoolBlueTests.debug.xcconfig */,
				996132BF399DC91EDF865615 /* Pods-CoolBlueTests.release.xcconfig */,
				7006625A6ED327F5B9EE3EDF /* Pods-CoolBlueUITests.debug.xcconfig */,
				6075538A91D07992D0DE9BE6 /* Pods-CoolBlueUITests.release.xcconfig */,
			);
			name = Pods;
			sourceTree = "<group>";
		};
/* End PBXGroup section */

/* Begin PBXNativeTarget section */
		2BD508DE20FA3317004804B5 /* CoolBlue */ = {
			isa = PBXNativeTarget;
			buildConfigurationList = 2BD5090720FA3318004804B5 /* Build configuration list for PBXNativeTarget "CoolBlue" */;
			buildPhases = (
				F0BAE247471788E33AF76AEE /* [CP] Check Pods Manifest.lock */,
				2BD508DB20FA3317004804B5 /* Sources */,
				2BD508DC20FA3317004804B5 /* Frameworks */,
				2BD508DD20FA3317004804B5 /* Resources */,
				4356991B7E5DEACFA9DAF942 /* [CP] Embed Pods Frameworks */,
				D57D5F0A8C73D7CACDCE4307 /* [CP] Copy Pods Resources */,
			);
			buildRules = (
			);
			dependencies = (
			);
			name = CoolBlue;
			productName = CoolBlue;
			productReference = 2BD508DF20FA3317004804B5 /* CoolBlue.app */;
			productType = "com.apple.product-type.application";
		};
		2BD508F220FA3318004804B5 /* CoolBlueTests */ = {
			isa = PBXNativeTarget;
			buildConfigurationList = 2BD5090A20FA3318004804B5 /* Build configuration list for PBXNativeTarget "CoolBlueTests" */;
			buildPhases = (
				AACD68B5A9176351A23EE48C /* [CP] Check Pods Manifest.lock */,
				2BD508EF20FA3318004804B5 /* Sources */,
				2BD508F020FA3318004804B5 /* Frameworks */,
				2BD508F120FA3318004804B5 /* Resources */,
				6D64D4ABFFAE5157211A0B71 /* [CP] Embed Pods Frameworks */,
				85EC4C4B9AF1359F12EDD700 /* [CP] Copy Pods Resources */,
			);
			buildRules = (
			);
			dependencies = (
				2BD508F520FA3318004804B5 /* PBXTargetDependency */,
			);
			name = CoolBlueTests;
			productName = CoolBlueTests;
			productReference = 2BD508F320FA3318004804B5 /* CoolBlueTests.xctest */;
			productType = "com.apple.product-type.bundle.unit-test";
		};
		2BD508FD20FA3318004804B5 /* CoolBlueUITests */ = {
			isa = PBXNativeTarget;
			buildConfigurationList = 2BD5090D20FA3318004804B5 /* Build configuration list for PBXNativeTarget "CoolBlueUITests" */;
			buildPhases = (
				7F49F4C2854D5FC8C9DD353F /* [CP] Check Pods Manifest.lock */,
				2BD508FA20FA3318004804B5 /* Sources */,
				2BD508FB20FA3318004804B5 /* Frameworks */,
				2BD508FC20FA3318004804B5 /* Resources */,
				6D3D94B4BA94324505F1C00A /* [CP] Embed Pods Frameworks */,
				3E355A99FA5E4858B0240AF4 /* [CP] Copy Pods Resources */,
			);
			buildRules = (
			);
			dependencies = (
				2BD5090020FA3318004804B5 /* PBXTargetDependency */,
			);
			name = CoolBlueUITests;
			productName = CoolBlueUITests;
			productReference = 2BD508FE20FA3318004804B5 /* CoolBlueUITests.xctest */;
			productType = "com.apple.product-type.bundle.ui-testing";
		};
/* End PBXNativeTarget section */

/* Begin PBXProject section */
		2BD508D720FA3317004804B5 /* Project object */ = {
			isa = PBXProject;
			attributes = {
				LastSwiftUpdateCheck = 0940;
				LastUpgradeCheck = 0940;
				ORGANIZATIONNAME = Kaakati;
				TargetAttributes = {
					2BD508DE20FA3317004804B5 = {
						CreatedOnToolsVersion = 9.4.1;
					};
					2BD508F220FA3318004804B5 = {
						CreatedOnToolsVersion = 9.4.1;
						TestTargetID = 2BD508DE20FA3317004804B5;
					};
					2BD508FD20FA3318004804B5 = {
						CreatedOnToolsVersion = 9.4.1;
						TestTargetID = 2BD508DE20FA3317004804B5;
					};
				};
			};
			buildConfigurationList = 2BD508DA20FA3317004804B5 /* Build configuration list for PBXProject "CoolBlue" */;
			compatibilityVersion = "Xcode 9.3";
			developmentRegion = en;
			hasScannedForEncodings = 0;
			knownRegions = (
				en,
				Base,
			);
			mainGroup = 2BD508D620FA3317004804B5;
			productRefGroup = 2BD508E020FA3317004804B5 /* Products */;
			projectDirPath = "";
			projectRoot = "";
			targets = (
				2BD508DE20FA3317004804B5 /* CoolBlue */,
				2BD508F220FA3318004804B5 /* CoolBlueTests */,
				2BD508FD20FA3318004804B5 /* CoolBlueUITests */,
			);
		};
/* End PBXProject section */

/* Begin PBXResourcesBuildPhase section */
		2BD508DD20FA3317004804B5 /* Resources */ = {
			isa = PBXResourcesBuildPhase;
			buildActionMask = 2147483647;
			files = (
				2BD508ED20FA3318004804B5 /* LaunchScreen.storyboard in Resources */,
				2BD508EA20FA3318004804B5 /* Assets.xcassets in Resources */,
			);
			runOnlyForDeploymentPostprocessing = 0;
		};
		2BD508F120FA3318004804B5 /* Resources */ = {
			isa = PBXResourcesBuildPhase;
			buildActionMask = 2147483647;
			files = (
			);
			runOnlyForDeploymentPostprocessing = 0;
		};
		2BD508FC20FA3318004804B5 /* Resources */ = {
			isa = PBXResourcesBuildPhase;
			buildActionMask = 2147483647;
			files = (
			);
			runOnlyForDeploymentPostprocessing = 0;
		};
/* End PBXResourcesBuildPhase section */

/* Begin PBXShellScriptBuildPhase section */
		3E355A99FA5E4858B0240AF4 /* [CP] Copy Pods Resources */ = {
			isa = PBXShellScriptBuildPhase;
			buildActionMask = 2147483647;
			files = (
			);
			inputPaths = (
			);
			name = "[CP] Copy Pods Resources";
			outputPaths = (
			);
			runOnlyForDeploymentPostprocessing = 0;
			shellPath = /bin/sh;
			shellScript = "\"${SRCROOT}/Pods/Target Support Files/Pods-CoolBlueUITests/Pods-CoolBlueUITests-resources.sh\"\n";
			showEnvVarsInLog = 0;
		};
		4356991B7E5DEACFA9DAF942 /* [CP] Embed Pods Frameworks */ = {
			isa = PBXShellScriptBuildPhase;
			buildActionMask = 2147483647;
			files = (
			);
			inputPaths = (
				"${SRCROOT}/Pods/Target Support Files/Pods-CoolBlue/Pods-CoolBlue-frameworks.sh",
				"${BUILT_PRODUCTS_DIR}/AARatingBar/AARatingBar.framework",
				"${BUILT_PRODUCTS_DIR}/Kingfisher/Kingfisher.framework",
				"${BUILT_PRODUCTS_DIR}/SKActivityIndicatorView/SKActivityIndicatorView.framework",
				"${BUILT_PRODUCTS_DIR}/SwifterSwift/SwifterSwift.framework",
			);
			name = "[CP] Embed Pods Frameworks";
			outputPaths = (
				"${TARGET_BUILD_DIR}/${FRAMEWORKS_FOLDER_PATH}/AARatingBar.framework",
				"${TARGET_BUILD_DIR}/${FRAMEWORKS_FOLDER_PATH}/Kingfisher.framework",
				"${TARGET_BUILD_DIR}/${FRAMEWORKS_FOLDER_PATH}/SKActivityIndicatorView.framework",
				"${TARGET_BUILD_DIR}/${FRAMEWORKS_FOLDER_PATH}/SwifterSwift.framework",
			);
			runOnlyForDeploymentPostprocessing = 0;
			shellPath = /bin/sh;
			shellScript = "\"${SRCROOT}/Pods/Target Support Files/Pods-CoolBlue/Pods-CoolBlue-frameworks.sh\"\n";
			showEnvVarsInLog = 0;
		};
		6D3D94B4BA94324505F1C00A /* [CP] Embed Pods Frameworks */ = {
			isa = PBXShellScriptBuildPhase;
			buildActionMask = 2147483647;
			files = (
			);
			inputPaths = (
			);
			name = "[CP] Embed Pods Frameworks";
			outputPaths = (
			);
			runOnlyForDeploymentPostprocessing = 0;
			shellPath = /bin/sh;
			shellScript = "\"${SRCROOT}/Pods/Target Support Files/Pods-CoolBlueUITests/Pods-CoolBlueUITests-frameworks.sh\"\n";
			showEnvVarsInLog = 0;
		};
		6D64D4ABFFAE5157211A0B71 /* [CP] Embed Pods Frameworks */ = {
			isa = PBXShellScriptBuildPhase;
			buildActionMask = 2147483647;
			files = (
			);
			inputPaths = (
			);
			name = "[CP] Embed Pods Frameworks";
			outputPaths = (
			);
			runOnlyForDeploymentPostprocessing = 0;
			shellPath = /bin/sh;
			shellScript = "\"${SRCROOT}/Pods/Target Support Files/Pods-CoolBlueTests/Pods-CoolBlueTests-frameworks.sh\"\n";
			showEnvVarsInLog = 0;
		};
		7F49F4C2854D5FC8C9DD353F /* [CP] Check Pods Manifest.lock */ = {
			isa = PBXShellScriptBuildPhase;
			buildActionMask = 2147483647;
			files = (
			);
			inputPaths = (
				"${PODS_PODFILE_DIR_PATH}/Podfile.lock",
				"${PODS_ROOT}/Manifest.lock",
			);
			name = "[CP] Check Pods Manifest.lock";
			outputPaths = (
				"$(DERIVED_FILE_DIR)/Pods-CoolBlueUITests-checkManifestLockResult.txt",
			);
			runOnlyForDeploymentPostprocessing = 0;
			shellPath = /bin/sh;
			shellScript = "diff \"${PODS_PODFILE_DIR_PATH}/Podfile.lock\" \"${PODS_ROOT}/Manifest.lock\" > /dev/null\nif [ $? != 0 ] ; then\n    # print error to STDERR\n    echo \"error: The sandbox is not in sync with the Podfile.lock. Run 'pod install' or update your CocoaPods installation.\" >&2\n    exit 1\nfi\n# This output is used by Xcode 'outputs' to avoid re-running this script phase.\necho \"SUCCESS\" > \"${SCRIPT_OUTPUT_FILE_0}\"\n";
			showEnvVarsInLog = 0;
		};
		85EC4C4B9AF1359F12EDD700 /* [CP] Copy Pods Resources */ = {
			isa = PBXShellScriptBuildPhase;
			buildActionMask = 2147483647;
			files = (
			);
			inputPaths = (
			);
			name = "[CP] Copy Pods Resources";
			outputPaths = (
			);
			runOnlyForDeploymentPostprocessing = 0;
			shellPath = /bin/sh;
			shellScript = "\"${SRCROOT}/Pods/Target Support Files/Pods-CoolBlueTests/Pods-CoolBlueTests-resources.sh\"\n";
			showEnvVarsInLog = 0;
		};
		AACD68B5A9176351A23EE48C /* [CP] Check Pods Manifest.lock */ = {
			isa = PBXShellScriptBuildPhase;
			buildActionMask = 2147483647;
			files = (
			);
			inputPaths = (
				"${PODS_PODFILE_DIR_PATH}/Podfile.lock",
				"${PODS_ROOT}/Manifest.lock",
			);
			name = "[CP] Check Pods Manifest.lock";
			outputPaths = (
				"$(DERIVED_FILE_DIR)/Pods-CoolBlueTests-checkManifestLockResult.txt",
			);
			runOnlyForDeploymentPostprocessing = 0;
			shellPath = /bin/sh;
			shellScript = "diff \"${PODS_PODFILE_DIR_PATH}/Podfile.lock\" \"${PODS_ROOT}/Manifest.lock\" > /dev/null\nif [ $? != 0 ] ; then\n    # print error to STDERR\n    echo \"error: The sandbox is not in sync with the Podfile.lock. Run 'pod install' or update your CocoaPods installation.\" >&2\n    exit 1\nfi\n# This output is used by Xcode 'outputs' to avoid re-running this script phase.\necho \"SUCCESS\" > \"${SCRIPT_OUTPUT_FILE_0}\"\n";
			showEnvVarsInLog = 0;
		};
		D57D5F0A8C73D7CACDCE4307 /* [CP] Copy Pods Resources */ = {
			isa = PBXShellScriptBuildPhase;
			buildActionMask = 2147483647;
			files = (
			);
			inputPaths = (
			);
			name = "[CP] Copy Pods Resources";
			outputPaths = (
			);
			runOnlyForDeploymentPostprocessing = 0;
			shellPath = /bin/sh;
			shellScript = "\"${SRCROOT}/Pods/Target Support Files/Pods-CoolBlue/Pods-CoolBlue-resources.sh\"\n";
			showEnvVarsInLog = 0;
		};
		F0BAE247471788E33AF76AEE /* [CP] Check Pods Manifest.lock */ = {
			isa = PBXShellScriptBuildPhase;
			buildActionMask = 2147483647;
			files = (
			);
			inputPaths = (
				"${PODS_PODFILE_DIR_PATH}/Podfile.lock",
				"${PODS_ROOT}/Manifest.lock",
			);
			name = "[CP] Check Pods Manifest.lock";
			outputPaths = (
				"$(DERIVED_FILE_DIR)/Pods-CoolBlue-checkManifestLockResult.txt",
			);
			runOnlyForDeploymentPostprocessing = 0;
			shellPath = /bin/sh;
			shellScript = "diff \"${PODS_PODFILE_DIR_PATH}/Podfile.lock\" \"${PODS_ROOT}/Manifest.lock\" > /dev/null\nif [ $? != 0 ] ; then\n    # print error to STDERR\n    echo \"error: The sandbox is not in sync with the Podfile.lock. Run 'pod install' or update your CocoaPods installation.\" >&2\n    exit 1\nfi\n# This output is used by Xcode 'outputs' to avoid re-running this script phase.\necho \"SUCCESS\" > \"${SCRIPT_OUTPUT_FILE_0}\"\n";
			showEnvVarsInLog = 0;
		};
/* End PBXShellScriptBuildPhase section */

/* Begin PBXSourcesBuildPhase section */
		2BD508DB20FA3317004804B5 /* Sources */ = {
			isa = PBXSourcesBuildPhase;
			buildActionMask = 2147483647;
			files = (
				2BB4B26E2104541000147B53 /* VCBImagesCell.swift in Sources */,
				2BB4B26221028C3700147B53 /* CBSearchFieldUI.swift in Sources */,
				2BD5092B20FA36FF004804B5 /* RCBProductDetails.swift in Sources */,
				2BD5093E20FA3DC1004804B5 /* ReviewInformation.swift in Sources */,
				2BD508E320FA3317004804B5 /* AppDelegate.swift in Sources */,
				2BD5094C20FA40A5004804B5 /* CBError.swift in Sources */,
				2BD5092E20FA36FF004804B5 /* ICBProductDetails.swift in Sources */,
				2BB4B26A21044ADB00147B53 /* VCBProductDetailsSpecsCell.swift in Sources */,
				2BD5091F20FA3653004804B5 /* PCBSearch.swift in Sources */,
				2BD5093420FA37E4004804B5 /* PrimaryTheme.swift in Sources */,
				2BB4B26C21044C4600147B53 /* SpecificationsUI.swift in Sources */,
				2BD5093C20FA3DB6004804B5 /* Review.swift in Sources */,
				2BB4B2652103466000147B53 /* VCBProductImagesCell.swift in Sources */,
				2BD5094920FA3F90004804B5 /* CoolBlueAPI.swift in Sources */,
				2BD5093620FA3925004804B5 /* Product.swift in Sources */,
				2BD5095520FA5A6D004804B5 /* BaseViewProtocol.swift in Sources */,
				2BD5094020FA3DCE004804B5 /* Availability.swift in Sources */,
				2BA21AD3210240FC00686371 /* SearchNode.swift in Sources */,
				2BD5092C20FA36FF004804B5 /* ECBProductDetails.swift in Sources */,
				2BD5091B20FA3653004804B5 /* CCBSearch.swift in Sources */,
				2BD5091A20FA3653004804B5 /* VCBSearch.swift in Sources */,
				2B7F009821022DDA00FFE0E1 /* CBSearchCellUI.swift in Sources */,
				2BD5093820FA3D9D004804B5 /* Specification.swift in Sources */,
				2BD5093A20FA3DAA004804B5 /* ReviewSummary.swift in Sources */,
				2BE87BC921052EF700C75542 /* Extensions.swift in Sources */,
				2BA21AD82104B1AE00686371 /* VCBAvailableAccessoriesCell.swift in Sources */,
				2BD5095220FA4D7D004804B5 /* PromoIcon.swift in Sources */,
				2BA21AD1210240EB00686371 /* DetailsNode.swift in Sources */,
				2BD5092D20FA36FF004804B5 /* PCBProductDetails.swift in Sources */,
				2BD5092820FA36FF004804B5 /* VCBProductDetails.swift in Sources */,
				2BD5094E20FA42A2004804B5 /* CBRouter.swift in Sources */,
				2BD5094820FA3F90004804B5 /* CBEndpoint.swift in Sources */,
				2BD5091D20FA3653004804B5 /* RCBSearch.swift in Sources */,
				2BD5091E20FA3653004804B5 /* ECBSearch.swift in Sources */,
				2B7F009621022AA900FFE0E1 /* CBSearchTableViewCell.swift in Sources */,
				2BD5092A20FA36FF004804B5 /* VCBProductDetailsUI.swift in Sources */,
				2BD5094A20FA3F90004804B5 /* HTTPMethod.swift in Sources */,
				2BD5092920FA36FF004804B5 /* CCBProductDetails.swift in Sources */,
				2BA21AD52104B07300686371 /* VCBProductAccessoriesCell.swift in Sources */,
				2BD5092020FA3653004804B5 /* ICBSearch.swift in Sources */,
				2BD5091C20FA3653004804B5 /* VCBSearchUI.swift in Sources */,
			);
			runOnlyForDeploymentPostprocessing = 0;
		};
		2BD508EF20FA3318004804B5 /* Sources */ = {
			isa = PBXSourcesBuildPhase;
			buildActionMask = 2147483647;
			files = (
				2BD508F820FA3318004804B5 /* CoolBlueTests.swift in Sources */,
			);
			runOnlyForDeploymentPostprocessing = 0;
		};
		2BD508FA20FA3318004804B5 /* Sources */ = {
			isa = PBXSourcesBuildPhase;
			buildActionMask = 2147483647;
			files = (
				2BD5090320FA3318004804B5 /* CoolBlueUITests.swift in Sources */,
			);
			runOnlyForDeploymentPostprocessing = 0;
		};
/* End PBXSourcesBuildPhase section */

/* Begin PBXTargetDependency section */
		2BD508F520FA3318004804B5 /* PBXTargetDependency */ = {
			isa = PBXTargetDependency;
			target = 2BD508DE20FA3317004804B5 /* CoolBlue */;
			targetProxy = 2BD508F420FA3318004804B5 /* PBXContainerItemProxy */;
		};
		2BD5090020FA3318004804B5 /* PBXTargetDependency */ = {
			isa = PBXTargetDependency;
			target = 2BD508DE20FA3317004804B5 /* CoolBlue */;
			targetProxy = 2BD508FF20FA3318004804B5 /* PBXContainerItemProxy */;
		};
/* End PBXTargetDependency section */

/* Begin PBXVariantGroup section */
		2BD508EB20FA3318004804B5 /* LaunchScreen.storyboard */ = {
			isa = PBXVariantGroup;
			children = (
				2BD508EC20FA3318004804B5 /* Base */,
			);
			name = LaunchScreen.storyboard;
			sourceTree = "<group>";
		};
/* End PBXVariantGroup section */

/* Begin XCBuildConfiguration section */
		2BD5090520FA3318004804B5 /* Debug */ = {
			isa = XCBuildConfiguration;
			buildSettings = {
				ALWAYS_SEARCH_USER_PATHS = NO;
				CLANG_ANALYZER_NONNULL = YES;
				CLANG_ANALYZER_NUMBER_OBJECT_CONVERSION = YES_AGGRESSIVE;
				CLANG_CXX_LANGUAGE_STANDARD = "gnu++14";
				CLANG_CXX_LIBRARY = "libc++";
				CLANG_ENABLE_MODULES = YES;
				CLANG_ENABLE_OBJC_ARC = YES;
				CLANG_ENABLE_OBJC_WEAK = YES;
				CLANG_WARN_BLOCK_CAPTURE_AUTORELEASING = YES;
				CLANG_WARN_BOOL_CONVERSION = YES;
				CLANG_WARN_COMMA = YES;
				CLANG_WARN_CONSTANT_CONVERSION = YES;
				CLANG_WARN_DEPRECATED_OBJC_IMPLEMENTATIONS = YES;
				CLANG_WARN_DIRECT_OBJC_ISA_USAGE = YES_ERROR;
				CLANG_WARN_DOCUMENTATION_COMMENTS = YES;
				CLANG_WARN_EMPTY_BODY = YES;
				CLANG_WARN_ENUM_CONVERSION = YES;
				CLANG_WARN_INFINITE_RECURSION = YES;
				CLANG_WARN_INT_CONVERSION = YES;
				CLANG_WARN_NON_LITERAL_NULL_CONVERSION = YES;
				CLANG_WARN_OBJC_IMPLICIT_RETAIN_SELF = YES;
				CLANG_WARN_OBJC_LITERAL_CONVERSION = YES;
				CLANG_WARN_OBJC_ROOT_CLASS = YES_ERROR;
				CLANG_WARN_RANGE_LOOP_ANALYSIS = YES;
				CLANG_WARN_STRICT_PROTOTYPES = YES;
				CLANG_WARN_SUSPICIOUS_MOVE = YES;
				CLANG_WARN_UNGUARDED_AVAILABILITY = YES_AGGRESSIVE;
				CLANG_WARN_UNREACHABLE_CODE = YES;
				CLANG_WARN__DUPLICATE_METHOD_MATCH = YES;
				CODE_SIGN_IDENTITY = "iPhone Developer";
				COPY_PHASE_STRIP = NO;
				DEBUG_INFORMATION_FORMAT = dwarf;
				ENABLE_STRICT_OBJC_MSGSEND = YES;
				ENABLE_TESTABILITY = YES;
				GCC_C_LANGUAGE_STANDARD = gnu11;
				GCC_DYNAMIC_NO_PIC = NO;
				GCC_NO_COMMON_BLOCKS = YES;
				GCC_OPTIMIZATION_LEVEL = 0;
				GCC_PREPROCESSOR_DEFINITIONS = (
					"DEBUG=1",
					"$(inherited)",
				);
				GCC_WARN_64_TO_32_BIT_CONVERSION = YES;
				GCC_WARN_ABOUT_RETURN_TYPE = YES_ERROR;
				GCC_WARN_UNDECLARED_SELECTOR = YES;
				GCC_WARN_UNINITIALIZED_AUTOS = YES_AGGRESSIVE;
				GCC_WARN_UNUSED_FUNCTION = YES;
				GCC_WARN_UNUSED_VARIABLE = YES;
				IPHONEOS_DEPLOYMENT_TARGET = 11.4;
				MTL_ENABLE_DEBUG_INFO = YES;
				ONLY_ACTIVE_ARCH = YES;
				SDKROOT = iphoneos;
				SWIFT_ACTIVE_COMPILATION_CONDITIONS = DEBUG;
				SWIFT_OPTIMIZATION_LEVEL = "-Onone";
			};
			name = Debug;
		};
		2BD5090620FA3318004804B5 /* Release */ = {
			isa = XCBuildConfiguration;
			buildSettings = {
				ALWAYS_SEARCH_USER_PATHS = NO;
				CLANG_ANALYZER_NONNULL = YES;
				CLANG_ANALYZER_NUMBER_OBJECT_CONVERSION = YES_AGGRESSIVE;
				CLANG_CXX_LANGUAGE_STANDARD = "gnu++14";
				CLANG_CXX_LIBRARY = "libc++";
				CLANG_ENABLE_MODULES = YES;
				CLANG_ENABLE_OBJC_ARC = YES;
				CLANG_ENABLE_OBJC_WEAK = YES;
				CLANG_WARN_BLOCK_CAPTURE_AUTORELEASING = YES;
				CLANG_WARN_BOOL_CONVERSION = YES;
				CLANG_WARN_COMMA = YES;
				CLANG_WARN_CONSTANT_CONVERSION = YES;
				CLANG_WARN_DEPRECATED_OBJC_IMPLEMENTATIONS = YES;
				CLANG_WARN_DIRECT_OBJC_ISA_USAGE = YES_ERROR;
				CLANG_WARN_DOCUMENTATION_COMMENTS = YES;
				CLANG_WARN_EMPTY_BODY = YES;
				CLANG_WARN_ENUM_CONVERSION = YES;
				CLANG_WARN_INFINITE_RECURSION = YES;
				CLANG_WARN_INT_CONVERSION = YES;
				CLANG_WARN_NON_LITERAL_NULL_CONVERSION = YES;
				CLANG_WARN_OBJC_IMPLICIT_RETAIN_SELF = YES;
				CLANG_WARN_OBJC_LITERAL_CONVERSION = YES;
				CLANG_WARN_OBJC_ROOT_CLASS = YES_ERROR;
				CLANG_WARN_RANGE_LOOP_ANALYSIS = YES;
				CLANG_WARN_STRICT_PROTOTYPES = YES;
				CLANG_WARN_SUSPICIOUS_MOVE = YES;
				CLANG_WARN_UNGUARDED_AVAILABILITY = YES_AGGRESSIVE;
				CLANG_WARN_UNREACHABLE_CODE = YES;
				CLANG_WARN__DUPLICATE_METHOD_MATCH = YES;
				CODE_SIGN_IDENTITY = "iPhone Developer";
				COPY_PHASE_STRIP = NO;
				DEBUG_INFORMATION_FORMAT = "dwarf-with-dsym";
				ENABLE_NS_ASSERTIONS = NO;
				ENABLE_STRICT_OBJC_MSGSEND = YES;
				GCC_C_LANGUAGE_STANDARD = gnu11;
				GCC_NO_COMMON_BLOCKS = YES;
				GCC_WARN_64_TO_32_BIT_CONVERSION = YES;
				GCC_WARN_ABOUT_RETURN_TYPE = YES_ERROR;
				GCC_WARN_UNDECLARED_SELECTOR = YES;
				GCC_WARN_UNINITIALIZED_AUTOS = YES_AGGRESSIVE;
				GCC_WARN_UNUSED_FUNCTION = YES;
				GCC_WARN_UNUSED_VARIABLE = YES;
				IPHONEOS_DEPLOYMENT_TARGET = 11.4;
				MTL_ENABLE_DEBUG_INFO = NO;
				SDKROOT = iphoneos;
				SWIFT_COMPILATION_MODE = wholemodule;
				SWIFT_OPTIMIZATION_LEVEL = "-O";
				VALIDATE_PRODUCT = YES;
			};
			name = Release;
		};
		2BD5090820FA3318004804B5 /* Debug */ = {
			isa = XCBuildConfiguration;
			baseConfigurationReference = BCD105A48980D99F3D990560 /* Pods-CoolBlue.debug.xcconfig */;
			buildSettings = {
				ASSETCATALOG_COMPILER_APPICON_NAME = AppIcon;
				CODE_SIGN_STYLE = Automatic;
				DEVELOPMENT_TEAM = C2CF5GZW7X;
				INFOPLIST_FILE = CoolBlue/Info.plist;
				LD_RUNPATH_SEARCH_PATHS = (
					"$(inherited)",
					"@executable_path/Frameworks",
				);
				PRODUCT_BUNDLE_IDENTIFIER = com.kaakati.CoolBlue;
				PRODUCT_NAME = "$(TARGET_NAME)";
				SWIFT_VERSION = 4.0;
				TARGETED_DEVICE_FAMILY = 1;
			};
			name = Debug;
		};
		2BD5090920FA3318004804B5 /* Release */ = {
			isa = XCBuildConfiguration;
			baseConfigurationReference = E2A3010A37425E1FF9012B18 /* Pods-CoolBlue.release.xcconfig */;
			buildSettings = {
				ASSETCATALOG_COMPILER_APPICON_NAME = AppIcon;
				CODE_SIGN_STYLE = Automatic;
				DEVELOPMENT_TEAM = C2CF5GZW7X;
				INFOPLIST_FILE = CoolBlue/Info.plist;
				LD_RUNPATH_SEARCH_PATHS = (
					"$(inherited)",
					"@executable_path/Frameworks",
				);
				PRODUCT_BUNDLE_IDENTIFIER = com.kaakati.CoolBlue;
				PRODUCT_NAME = "$(TARGET_NAME)";
				SWIFT_VERSION = 4.0;
				TARGETED_DEVICE_FAMILY = 1;
			};
			name = Release;
		};
		2BD5090B20FA3318004804B5 /* Debug */ = {
			isa = XCBuildConfiguration;
			baseConfigurationReference = CFECE30F863070901702E0E2 /* Pods-CoolBlueTests.debug.xcconfig */;
			buildSettings = {
				ALWAYS_EMBED_SWIFT_STANDARD_LIBRARIES = YES;
				BUNDLE_LOADER = "$(TEST_HOST)";
				CODE_SIGN_STYLE = Automatic;
				DEVELOPMENT_TEAM = C2CF5GZW7X;
				INFOPLIST_FILE = CoolBlueTests/Info.plist;
				LD_RUNPATH_SEARCH_PATHS = (
					"$(inherited)",
					"@executable_path/Frameworks",
					"@loader_path/Frameworks",
				);
				PRODUCT_BUNDLE_IDENTIFIER = com.kaakati.CoolBlueTests;
				PRODUCT_NAME = "$(TARGET_NAME)";
				SWIFT_VERSION = 4.0;
				TARGETED_DEVICE_FAMILY = "1,2";
				TEST_HOST = "$(BUILT_PRODUCTS_DIR)/CoolBlue.app/CoolBlue";
			};
			name = Debug;
		};
		2BD5090C20FA3318004804B5 /* Release */ = {
			isa = XCBuildConfiguration;
			baseConfigurationReference = 996132BF399DC91EDF865615 /* Pods-CoolBlueTests.release.xcconfig */;
			buildSettings = {
				ALWAYS_EMBED_SWIFT_STANDARD_LIBRARIES = YES;
				BUNDLE_LOADER = "$(TEST_HOST)";
				CODE_SIGN_STYLE = Automatic;
				DEVELOPMENT_TEAM = C2CF5GZW7X;
				INFOPLIST_FILE = CoolBlueTests/Info.plist;
				LD_RUNPATH_SEARCH_PATHS = (
					"$(inherited)",
					"@executable_path/Frameworks",
					"@loader_path/Frameworks",
				);
				PRODUCT_BUNDLE_IDENTIFIER = com.kaakati.CoolBlueTests;
				PRODUCT_NAME = "$(TARGET_NAME)";
				SWIFT_VERSION = 4.0;
				TARGETED_DEVICE_FAMILY = "1,2";
				TEST_HOST = "$(BUILT_PRODUCTS_DIR)/CoolBlue.app/CoolBlue";
			};
			name = Release;
		};
		2BD5090E20FA3318004804B5 /* Debug */ = {
			isa = XCBuildConfiguration;
			baseConfigurationReference = 7006625A6ED327F5B9EE3EDF /* Pods-CoolBlueUITests.debug.xcconfig */;
			buildSettings = {
				ALWAYS_EMBED_SWIFT_STANDARD_LIBRARIES = YES;
				CODE_SIGN_STYLE = Automatic;
				DEVELOPMENT_TEAM = C2CF5GZW7X;
				INFOPLIST_FILE = CoolBlueUITests/Info.plist;
				LD_RUNPATH_SEARCH_PATHS = (
					"$(inherited)",
					"@executable_path/Frameworks",
					"@loader_path/Frameworks",
				);
				PRODUCT_BUNDLE_IDENTIFIER = com.kaakati.CoolBlueUITests;
				PRODUCT_NAME = "$(TARGET_NAME)";
				SWIFT_VERSION = 4.0;
				TARGETED_DEVICE_FAMILY = "1,2";
				TEST_TARGET_NAME = CoolBlue;
			};
			name = Debug;
		};
		2BD5090F20FA3318004804B5 /* Release */ = {
			isa = XCBuildConfiguration;
			baseConfigurationReference = 6075538A91D07992D0DE9BE6 /* Pods-CoolBlueUITests.release.xcconfig */;
			buildSettings = {
				ALWAYS_EMBED_SWIFT_STANDARD_LIBRARIES = YES;
				CODE_SIGN_STYLE = Automatic;
				DEVELOPMENT_TEAM = C2CF5GZW7X;
				INFOPLIST_FILE = CoolBlueUITests/Info.plist;
				LD_RUNPATH_SEARCH_PATHS = (
					"$(inherited)",
					"@executable_path/Frameworks",
					"@loader_path/Frameworks",
				);
				PRODUCT_BUNDLE_IDENTIFIER = com.kaakati.CoolBlueUITests;
				PRODUCT_NAME = "$(TARGET_NAME)";
				SWIFT_VERSION = 4.0;
				TARGETED_DEVICE_FAMILY = "1,2";
				TEST_TARGET_NAME = CoolBlue;
			};
			name = Release;
		};
/* End XCBuildConfiguration section */

/* Begin XCConfigurationList section */
		2BD508DA20FA3317004804B5 /* Build configuration list for PBXProject "CoolBlue" */ = {
			isa = XCConfigurationList;
			buildConfigurations = (
				2BD5090520FA3318004804B5 /* Debug */,
				2BD5090620FA3318004804B5 /* Release */,
			);
			defaultConfigurationIsVisible = 0;
			defaultConfigurationName = Release;
		};
		2BD5090720FA3318004804B5 /* Build configuration list for PBXNativeTarget "CoolBlue" */ = {
			isa = XCConfigurationList;
			buildConfigurations = (
				2BD5090820FA3318004804B5 /* Debug */,
				2BD5090920FA3318004804B5 /* Release */,
			);
			defaultConfigurationIsVisible = 0;
			defaultConfigurationName = Release;
		};
		2BD5090A20FA3318004804B5 /* Build configuration list for PBXNativeTarget "CoolBlueTests" */ = {
			isa = XCConfigurationList;
			buildConfigurations = (
				2BD5090B20FA3318004804B5 /* Debug */,
				2BD5090C20FA3318004804B5 /* Release */,
			);
			defaultConfigurationIsVisible = 0;
			defaultConfigurationName = Release;
		};
		2BD5090D20FA3318004804B5 /* Build configuration list for PBXNativeTarget "CoolBlueUITests" */ = {
			isa = XCConfigurationList;
			buildConfigurations = (
				2BD5090E20FA3318004804B5 /* Debug */,
				2BD5090F20FA3318004804B5 /* Release */,
			);
			defaultConfigurationIsVisible = 0;
			defaultConfigurationName = Release;
		};
/* End XCConfigurationList section */
	};
	rootObject = 2BD508D720FA3317004804B5 /* Project object */;
}
